[root]
name = "pinec"
version = "0.1.0"
dependencies = [
 "env_logger 0.3.1 (registry+https://github.com/rust-lang/crates.io-index)",
 "getopts 0.2.11 (registry+https://github.com/rust-lang/crates.io-index)",
 "pine_common 0.1.0",
 "pine_syntax 0.1.0",
 "pine_typecheck 0.1.0",
 "rustc-serialize 0.3.15 (registry+https://github.com/rust-lang/crates.io-index)",
 "time 0.1.26 (registry+https://github.com/rust-lang/crates.io-index)",
]

[[package]]
name = "env_logger"
version = "0.3.1"
source = "registry+https://github.com/rust-lang/crates.io-index"
dependencies = [
 "log 0.3.1 (registry+https://github.com/rust-lang/crates.io-index)",
 "regex 0.1.33 (registry+https://github.com/rust-lang/crates.io-index)",
]

[[package]]
name = "gcc"
version = "0.3.8"
source = "registry+https://github.com/rust-lang/crates.io-index"

[[package]]
name = "getopts"
version = "0.2.11"
source = "registry+https://github.com/rust-lang/crates.io-index"
dependencies = [
 "log 0.3.1 (registry+https://github.com/rust-lang/crates.io-index)",
]

[[package]]
name = "libc"
version = "0.1.8"
source = "registry+https://github.com/rust-lang/crates.io-index"

[[package]]
name = "log"
version = "0.3.1"
source = "registry+https://github.com/rust-lang/crates.io-index"
dependencies = [
 "libc 0.1.8 (registry+https://github.com/rust-lang/crates.io-index)",
]

[[package]]
name = "pine_common"
version = "0.1.0"
dependencies = [
 "rustc-serialize 0.3.15 (registry+https://github.com/rust-lang/crates.io-index)",
]

[[package]]
name = "pine_syntax"
version = "0.1.0"
dependencies = [
 "pine_common 0.1.0",
 "rustc-serialize 0.3.15 (registry+https://github.com/rust-lang/crates.io-index)",
]

[[package]]
name = "pine_typecheck"
version = "0.1.0"
dependencies = [
 "log 0.3.1 (registry+https://github.com/rust-lang/crates.io-index)",
 "pine_common 0.1.0",
 "pine_syntax 0.1.0",
]

[[package]]
name = "regex"
version = "0.1.33"
source = "registry+https://github.com/rust-lang/crates.io-index"
dependencies = [
 "regex-syntax 0.1.2 (registry+https://github.com/rust-lang/crates.io-index)",
]

[[package]]
name = "regex-syntax"
version = "0.1.2"
source = "registry+https://github.com/rust-lang/crates.io-index"

[[package]]
name = "rustc-serialize"
version = "0.3.15"
source = "registry+https://github.com/rust-lang/crates.io-index"

[[package]]
name = "time"
version = "0.1.26"
source = "registry+https://github.com/rust-lang/crates.io-index"
dependencies = [
 "gcc 0.3.8 (registry+https://github.com/rust-lang/crates.io-index)",
 "libc 0.1.8 (registry+https://github.com/rust-lang/crates.io-index)",
]

